// !$*UTF8*$!
{
	archiveVersion = 1;
	classes = {
	};
	objectVersion = 46;
	objects = {

/* Begin PBXBuildFile section */
		EF068A831B7199B700C6F81F /* main.m in Sources */ = {isa = PBXBuildFile; fileRef = EF068A821B7199B700C6F81F /* main.m */; };
		EF068A861B7199B700C6F81F /* AppDelegate.m in Sources */ = {isa = PBXBuildFile; fileRef = EF068A851B7199B700C6F81F /* AppDelegate.m */; };
		EF068A8E1B7199B700C6F81F /* Images.xcassets in Resources */ = {isa = PBXBuildFile; fileRef = EF068A8D1B7199B700C6F81F /* Images.xcassets */; };
		EF068A911B7199B700C6F81F /* LaunchScreen.xib in Resources */ = {isa = PBXBuildFile; fileRef = EF068A8F1B7199B700C6F81F /* LaunchScreen.xib */; };
		EF068A9D1B7199B800C6F81F /* CameraTestTests.m in Sources */ = {isa = PBXBuildFile; fileRef = EF068A9C1B7199B800C6F81F /* CameraTestTests.m */; };
/* End PBXBuildFile section */

/* Begin PBXContainerItemProxy section */
		EF068A971B7199B800C6F81F /* PBXContainerItemProxy */ = {
			isa = PBXContainerItemProxy;
			containerPortal = EF068A751B7199B700C6F81F /* Project object */;
			proxyType = 1;
			remoteGlobalIDString = EF068A7C1B7199B700C6F81F;
			remoteInfo = CameraTest;
		};
/* End PBXContainerItemProxy section */

/* Begin PBXFileReference section */
		EF068A7D1B7199B700C6F81F /* CameraTest.app */ = {isa = PBXFileReference; explicitFileType = wrapper.application; includeInIndex = 0; path = CameraTest.app; sourceTree = BUILT_PRODUCTS_DIR; };
		EF068A811B7199B700C6F81F /* Info.plist */ = {isa = PBXFileReference; lastKnownFileType = text.plist.xml; path = Info.plist; sourceTree = "<group>"; };
		EF068A821B7199B700C6F81F /* main.m */ = {isa = PBXFileReference; lastKnownFileType = sourcecode.c.objc; path = main.m; sourceTree = "<group>"; };
		EF068A841B7199B700C6F81F /* AppDelegate.h */ = {isa = PBXFileReference; lastKnownFileType = sourcecode.c.h; path = AppDelegate.h; sourceTree = "<group>"; };
		EF068A851B7199B700C6F81F /* AppDelegate.m */ = {isa = PBXFileReference; lastKnownFileType = sourcecode.c.objc; path = AppDelegate.m; sourceTree = "<group>"; };
		EF068A8D1B7199B700C6F81F /* Images.xcassets */ = {isa = PBXFileReference; lastKnownFileType = folder.assetcatalog; path = Images.xcassets; sourceTree = "<group>"; };
		EF068A901B7199B700C6F81F /* Base */ = {isa = PBXFileReference; lastKnownFileType = file.xib; name = Base; path = Base.lproj/LaunchScreen.xib; sourceTree = "<group>"; };
		EF068A961B7199B800C6F81F /* CameraTestTests.xctest */ = {isa = PBXFileReference; explicitFileType = wrapper.cfbundle; includeInIndex = 0; path = CameraTestTests.xctest; sourceTree = BUILT_PRODUCTS_DIR; };
		EF068A9B1B7199B800C6F81F /* Info.plist */ = {isa = PBXFileReference; lastKnownFileType = text.plist.xml; path = Info.plist; sourceTree = "<group>"; };
		EF068A9C1B7199B800C6F81F /* CameraTestTests.m */ = {isa = PBXFileReference; lastKnownFileType = sourcecode.c.objc; path = CameraTestTests.m; sourceTree = "<group>"; };
/* End PBXFileReference section */

/* Begin PBXFrameworksBuildPhase section */
		EF068A7A1B7199B700C6F81F /* Frameworks */ = {
			isa = PBXFrameworksBuildPhase;
			buildActionMask = 2147483647;
			files = (
			);
			runOnlyForDeploymentPostprocessing = 0;
		};
		EF068A931B7199B800C6F81F /* Frameworks */ = {
			isa = PBXFrameworksBuildPhase;
			buildActionMask = 2147483647;
			files = (
			);
			runOnlyForDeploymentPostprocessing = 0;
		};
/* End PBXFrameworksBuildPhase section */

/* Begin PBXGroup section */
		EF068A741B7199B700C6F81F = {
			isa = PBXGroup;
			children = (
				EF068A7F1B7199B700C6F81F /* CameraTest */,
				EF068A991B7199B800C6F81F /* CameraTestTests */,
				EF068A7E1B7199B700C6F81F /* Products */,
			);
			sourceTree = "<group>";
		};
		EF068A7E1B7199B700C6F81F /* Products */ = {
			isa = PBXGroup;
			children = (
				EF068A7D1B7199B700C6F81F /* CameraTest.app */,
				EF068A961B7199B800C6F81F /* CameraTestTests.xctest */,
			);
			name = Products;
			sourceTree = "<group>";
		};
		EF068A7F1B7199B700C6F81F /* CameraTest */ = {
			isa = PBXGroup;
			children = (
				EF068A841B7199B700C6F81F /* AppDelegate.h */,
				EF068A851B7199B700C6F81F /* AppDelegate.m */,
				EF068A8D1B7199B700C6F81F /* Images.xcassets */,
				EF068A8F1B7199B700C6F81F /* LaunchScreen.xib */,
				EF068A801B7199B700C6F81F /* Supporting Files */,
			);
			path = CameraTest;
			sourceTree = "<group>";
		};
		EF068A801B7199B700C6F81F /* Supporting Files */ = {
			isa = PBXGroup;
			children = (
				EF068A811B7199B700C6F81F /* Info.plist */,
				EF068A821B7199B700C6F81F /* main.m */,
			);
			name = "Supporting Files";
			sourceTree = "<group>";
		};
		EF068A991B7199B800C6F81F /* CameraTestTests */ = {
			isa = PBXGroup;
			children = (
				EF068A9C1B7199B800C6F81F /* CameraTestTests.m */,
				EF068A9A1B7199B800C6F81F /* Supporting Files */,
			);
			path = CameraTestTests;
			sourceTree = "<group>";
		};
		EF068A9A1B7199B800C6F81F /* Supporting Files */ = {
			isa = PBXGroup;
			children = (
				EF068A9B1B7199B800C6F81F /* Info.plist */,
			);
			name = "Supporting Files";
			sourceTree = "<group>";
		};
/* End PBXGroup section */

/* Begin PBXNativeTarget section */
		EF068A7C1B7199B700C6F81F /* CameraTest */ = {
			isa = PBXNativeTarget;
			buildConfigurationList = EF068AA01B7199B800C6F81F /* Build configuration list for PBXNativeTarget "CameraTest" */;
			buildPhases = (
				EF068A791B7199B700C6F81F /* Sources */,
				EF068A7A1B7199B700C6F81F /* Frameworks */,
				EF068A7B1B7199B700C6F81F /* Resources */,
			);
			buildRules = (
			);
			dependencies = (
			);
			name = CameraTest;
			productName = CameraTest;
			productReference = EF068A7D1B7199B700C6F81F /* CameraTest.app */;
			productType = "com.apple.product-type.application";
		};
		EF068A951B7199B800C6F81F /* CameraTestTests */ = {
			isa = PBXNativeTarget;
			buildConfigurationList = EF068AA31B7199B800C6F81F /* Build configuration list for PBXNativeTarget "CameraTestTests" */;
			buildPhases = (
				EF068A921B7199B800C6F81F /* Sources */,
				EF068A931B7199B800C6F81F /* Frameworks */,
				EF068A941B7199B800C6F81F /* Resources */,
			);
			buildRules = (
			);
			dependencies = (
				EF068A981B7199B800C6F81F /* PBXTargetDependency */,
			);
			name = CameraTestTests;
			productName = CameraTestTests;
			productReference = EF068A961B7199B800C6F81F /* CameraTestTests.xctest */;
			productType = "com.apple.product-type.bundle.unit-test";
		};
/* End PBXNativeTarget section */

/* Begin PBXProject section */
		EF068A751B7199B700C6F81F /* Project object */ = {
			isa = PBXProject;
			attributes = {
				LastUpgradeCheck = 0640;
				ORGANIZATIONNAME = "Юрий Воскресенский";
				TargetAttributes = {
					EF068A7C1B7199B700C6F81F = {
						CreatedOnToolsVersion = 6.4;
					};
					EF068A951B7199B800C6F81F = {
						CreatedOnToolsVersion = 6.4;
						TestTargetID = EF068A7C1B7199B700C6F81F;
					};
				};
			};
			buildConfigurationList = EF068A781B7199B700C6F81F /* Build configuration list for PBXProject "CameraTest" */;
			compatibilityVersion = "Xcode 3.2";
			developmentRegion = English;
			hasScannedForEncodings = 0;
			knownRegions = (
				en,
				Base,
			);
			mainGroup = EF068A741B7199B700C6F81F;
			productRefGroup = EF068A7E1B7199B700C6F81F /* Products */;
			projectDirPath = "";
			projectRoot = "";
			targets = (
				EF068A7C1B7199B700C6F81F /* CameraTest */,
				EF068A951B7199B800C6F81F /* CameraTestTests */,
			);
		};
/* End PBXProject section */

/* Begin PBXResourcesBuildPhase section */
		EF068A7B1B7199B700C6F81F /* Resources */ = {
			isa = PBXResourcesBuildPhase;
			buildActionMask = 2147483647;
			files = (
				EF068A911B7199B700C6F81F /* LaunchScreen.xib in Resources */,
				EF068A8E1B7199B700C6F81F /* Images.xcassets in Resources */,
			);
			runOnlyForDeploymentPostprocessing = 0;
		};
		EF068A941B7199B800C6F81F /* Resources */ = {
			isa = PBXResourcesBuildPhase;
			buildActionMask = 2147483647;
			files = (
			);
			runOnlyForDeploymentPostprocessing = 0;
		};
/* End PBXResourcesBuildPhase section */

/* Begin PBXSourcesBuildPhase section */
		EF068A791B7199B700C6F81F /* Sources */ = {
			isa = PBXSourcesBuildPhase;
			buildActionMask = 2147483647;
			files = (
				EF068A861B7199B700C6F81F /* AppDelegate.m in Sources */,
				EF068A831B7199B700C6F81F /* main.m in Sources */,
			);
			runOnlyForDeploymentPostprocessing = 0;
		};
		EF068A921B7199B800C6F81F /* Sources */ = {
			isa = PBXSourcesBuildPhase;
			buildActionMask = 2147483647;
			files = (
				EF068A9D1B7199B800C6F81F /* CameraTestTests.m in Sources */,
			);
			runOnlyForDeploymentPostprocessing = 0;
		};
/* End PBXSourcesBuildPhase section */

/* Begin PBXTargetDependency section */
		EF068A981B7199B800C6F81F /* PBXTargetDependency */ = {
			isa = PBXTargetDependency;
			target = EF068A7C1B7199B700C6F81F /* CameraTest */;
			targetProxy = EF068A971B7199B800C6F81F /* PBXContainerItemProxy */;
		};
/* End PBXTargetDependency section */

/* Begin PBXVariantGroup section */
		EF068A8F1B7199B700C6F81F /* LaunchScreen.xib */ = {
			isa = PBXVariantGroup;
			children = (
				EF068A901B7199B700C6F81F /* Base */,
			);
			name = LaunchScreen.xib;
			sourceTree = "<group>";
		};
/* End PBXVariantGroup section */

/* Begin XCBuildConfiguration section */
		EF068A9E1B7199B800C6F81F /* Debug */ = {
			isa = XCBuildConfiguration;
			buildSettings = {
				ALWAYS_SEARCH_USER_PATHS = NO;
				CLANG_CXX_LANGUAGE_STANDARD = "gnu++0x";
				CLANG_CXX_LIBRARY = "libc++";
				CLANG_ENABLE_MODULES = YES;
				CLANG_ENABLE_OBJC_ARC = YES;
				CLANG_WARN_BOOL_CONVERSION = YES;
				CLANG_WARN_CONSTANT_CONVERSION = YES;
				CLANG_WARN_DIRECT_OBJC_ISA_USAGE = YES_ERROR;
				CLANG_WARN_EMPTY_BODY = YES;
				CLANG_WARN_ENUM_CONVERSION = YES;
				CLANG_WARN_INT_CONVERSION = YES;
				CLANG_WARN_OBJC_ROOT_CLASS = YES_ERROR;
				CLANG_WARN_UNREACHABLE_CODE = YES;
				CLANG_WARN__DUPLICATE_METHOD_MATCH = YES;
				"CODE_SIGN_IDENTITY[sdk=iphoneos*]" = "iPhone Developer";
				COPY_PHASE_STRIP = NO;
				DEBUG_INFORMATION_FORMAT = "dwarf-with-dsym";
				ENABLE_STRICT_OBJC_MSGSEND = YES;
				GCC_C_LANGUAGE_STANDARD = gnu99;
				GCC_DYNAMIC_NO_PIC = NO;
				GCC_NO_COMMON_BLOCKS = YES;
				GCC_OPTIMIZATION_LEVEL = 0;
				GCC_PREPROCESSOR_DEFINITIONS = (
					"DEBUG=1",
					"$(inherited)",
				);
				GCC_SYMBOLS_PRIVATE_EXTERN = NO;
				GCC_WARN_64_TO_32_BIT_CONVERSION = YES;
				GCC_WARN_ABOUT_RETURN_TYPE = YES_ERROR;
				GCC_WARN_UNDECLARED_SELECTOR = YES;
				GCC_WARN_UNINITIALIZED_AUTOS = YES_AGGRESSIVE;
				GCC_WARN_UNUSED_FUNCTION = YES;
				GCC_WARN_UNUSED_VARIABLE = YES;
				IPHONEOS_DEPLOYMENT_TARGET = 8.4;
				MTL_ENABLE_DEBUG_INFO = YES;
				ONLY_ACTIVE_ARCH = YES;
				SDKROOT = iphoneos;
			};
			name = Debug;
		};
		EF068A9F1B7199B800C6F81F /* Release */ = {
			isa = XCBuildConfiguration;
			buildSettings = {
				ALWAYS_SEARCH_USER_PATHS = NO;
				CLANG_CXX_LANGUAGE_STANDARD = "gnu++0x";
				CLANG_CXX_LIBRARY = "libc++";
				CLANG_ENABLE_MODULES = YES;
				CLANG_ENABLE_OBJC_ARC = YES;
				CLANG_WARN_BOOL_CONVERSION = YES;
				CLANG_WARN_CONSTANT_CONVERSION = YES;
				CLANG_WARN_DIRECT_OBJC_ISA_USAGE = YES_ERROR;
				CLANG_WARN_EMPTY_BODY = YES;
				CLANG_WARN_ENUM_CONVERSION = YES;
				CLANG_WARN_INT_CONVERSION = YES;
				CLANG_WARN_OBJC_ROOT_CLASS = YES_ERROR;
				CLANG_WARN_UNREACHABLE_CODE = YES;
				CLANG_WARN__DUPLICATE_METHOD_MATCH = YES;
				"CODE_SIGN_IDENTITY[sdk=iphoneos*]" = "iPhone Developer";
				COPY_PHASE_STRIP = NO;
				DEBUG_INFORMATION_FORMAT = "dwarf-with-dsym";
				ENABLE_NS_ASSERTIONS = NO;
				ENABLE_STRICT_OBJC_MSGSEND = YES;
				GCC_C_LANGUAGE_STANDARD = gnu99;
				GCC_NO_COMMON_BLOCKS = YES;
				GCC_WARN_64_TO_32_BIT_CONVERSION = YES;
				GCC_WARN_ABOUT_RETURN_TYPE = YES_ERROR;
				GCC_WARN_UNDECLARED_SELECTOR = YES;
				GCC_WARN_UNINITIALIZED_AUTOS = YES_AGGRESSIVE;
				GCC_WARN_UNUSED_FUNCTION = YES;
				GCC_WARN_UNUSED_VARIABLE = YES;
				IPHONEOS_DEPLOYMENT_TARGET = 8.4;
				MTL_ENABLE_DEBUG_INFO = NO;
				SDKROOT = iphoneos;
				VALIDATE_PRODUCT = YES;
			};
			name = Release;
		};
		EF068AA11B7199B800C6F81F /* Debug */ = {
			isa = XCBuildConfiguration;
			buildSettings = {
				ASSETCATALOG_COMPILER_APPICON_NAME = AppIcon;
				INFOPLIST_FILE = CameraTest/Info.plist;
				IPHONEOS_DEPLOYMENT_TARGET = 7.0;
				LD_RUNPATH_SEARCH_PATHS = "$(inherited) @executable_path/Frameworks";
				PRODUCT_NAME = "$(TARGET_NAME)";
			};
			name = Debug;
		};
		EF068AA21B7199B800C6F81F /* Release */ = {
			isa = XCBuildConfiguration;
			buildSettings = {
				ASSETCATALOG_COMPILER_APPICON_NAME = AppIcon;
				INFOPLIST_FILE = CameraTest/Info.plist;
				IPHONEOS_DEPLOYMENT_TARGET = 7.0;
				LD_RUNPATH_SEARCH_PATHS = "$(inherited) @executable_path/Frameworks";
				PRODUCT_NAME = "$(TARGET_NAME)";
			};
			name = Release;
		};
		EF068AA41B7199B800C6F81F /* Debug */ = {
			isa = XCBuildConfiguration;
			buildSettings = {
				BUNDLE_LOADER = "$(TEST_HOST)";
				FRAMEWORK_SEARCH_PATHS = (
					"$(SDKROOT)/Developer/Library/Frameworks",
					"$(inherited)",
				);
				GCC_PREPROCESSOR_DEFINITIONS = (
					"DEBUG=1",
					"$(inherited)",
				);
				INFOPLIST_FILE = CameraTestTests/Info.plist;
				LD_RUNPATH_SEARCH_PATHS = "$(inherited) @executable_path/Frameworks @loader_path/Frameworks";
				PRODUCT_NAME = "$(TARGET_NAME)";
				TEST_HOST = "$(BUILT_PRODUCTS_DIR)/CameraTest.app/CameraTest";
			};
			name = Debug;
		};
		EF068AA51B7199B800C6F81F /* Release */ = {
			isa = XCBuildConfiguration;
			buildSettings = {
				BUNDLE_LOADER = "$(TEST_HOST)";
				FRAMEWORK_SEARCH_PATHS = (
					"$(SDKROOT)/Developer/Library/Frameworks",
					"$(inherited)",
				);
				INFOPLIST_FILE = CameraTestTests/Info.plist;
				LD_RUNPATH_SEARCH_PATHS = "$(inherited) @executable_path/Frameworks @loader_path/Frameworks";
				PRODUCT_NAME = "$(TARGET_NAME)";
				TEST_HOST = "$(BUILT_PRODUCTS_DIR)/CameraTest.app/CameraTest";
			};
			name = Release;
		};
/* End XCBuildConfiguration section */

/* Begin XCConfigurationList section */
		EF068A781B7199B700C6F81F /* Build configuration list for PBXProject "CameraTest" */ = {
			isa = XCConfigurationList;
			buildConfigurations = (
				EF068A9E1B7199B800C6F81F /* Debug */,
				EF068A9F1B7199B800C6F81F /* Release */,
			);
			defaultConfigurationIsVisible = 0;
			defaultConfigurationName = Release;
		};
		EF068AA01B7199B800C6F81F /* Build configuration list for PBXNativeTarget "CameraTest" */ = {
			isa = XCConfigurationList;
			buildConfigurations = (
				EF068AA11B7199B800C6F81F /* Debug */,
				EF068AA21B7199B800C6F81F /* Release */,
			);
			defaultConfigurationIsVisible = 0;
		};
		EF068AA31B7199B800C6F81F /* Build configuration list for PBXNativeTarget "CameraTestTests" */ = {
			isa = XCConfigurationList;
			buildConfigurations = (
				EF068AA41B7199B800C6F81F /* Debug */,
				EF068AA51B7199B800C6F81F /* Release */,
			);
			defaultConfigurationIsVisible = 0;
		};
/* End XCConfigurationList section */
	};
	rootObject = EF068A751B7199B700C6F81F /* Project object */;
}
